
Microsoft Visual Studio Solution File, Format Version 12.00
# Visual Studio Version 17
VisualStudioVersion = 17.11.35312.102
MinimumVisualStudioVersion = 10.0.40219.1
Project("{FAE04EC0-301F-11D3-BF4B-00C04F79EFBC}") = "StudentManagementApp", "StudentManagementApp\StudentManagementApp.csproj", "{9373748F-6015-4B3A-81C0-8BBDF84ABD7B}"
EndProject
Global
	GlobalSection(SolutionConfigurationPlatforms) = preSolution
		Debug|Any CPU = Debug|Any CPU
		Release|Any CPU = Release|Any CPU
	EndGlobalSection
	GlobalSection(ProjectConfigurationPlatforms) = postSolution
		{9373748F-6015-4B3A-81C0-8BBDF84ABD7B}.Debug|Any CPU.ActiveCfg = Debug|Any CPU
		{9373748F-6015-4B3A-81C0-8BBDF84ABD7B}.Debug|Any CPU.Build.0 = Debug|Any CPU
		{9373748F-6015-4B3A-81C0-8BBDF84ABD7B}.Release|Any CPU.ActiveCfg = Release|Any CPU
		{9373748F-6015-4B3A-81C0-8BBDF84ABD7B}.Release|Any CPU.Build.0 = Release|Any CPU
	EndGlobalSection
	GlobalSection(SolutionProperties) = preSolution
		HideSolutionNode = FALSE
	EndGlobalSection
	GlobalSection(ExtensibilityGlobals) = postSolution
		SolutionGuid = {76409C40-36CE-4D82-9386-D8306D31C30A}
	EndGlobalSection
EndGlobal
